
Microsoft Visual Studio Solution File, Format Version 12.00
# Visual Studio Version 16
VisualStudioVersion = 16.0.30804.86
MinimumVisualStudioVersion = 10.0.40219.1
Project("{8BC9CEB8-8B4A-11D0-8D11-00A0C91BC942}") = "NES_Emulator", "NES_Emulator.vcxproj", "{05C53B46-252A-4465-81D0-E4B17A3431AE}"
EndProject
Global
	GlobalSection(SolutionConfigurationPlatforms) = preSolution
		Debug|x64 = Debug|x64
		Debug|x86 = Debug|x86
		Release|x64 = Release|x64
		Release|x86 = Release|x86
	EndGlobalSection
	GlobalSection(ProjectConfigurationPlatforms) = postSolution
		{05C53B46-252A-4465-81D0-E4B17A3431AE}.Debug|x64.ActiveCfg = Debug|x64
		{05C53B46-252A-4465-81D0-E4B17A3431AE}.Debug|x64.Build.0 = Debug|x64
		{05C53B46-252A-4465-81D0-E4B17A3431AE}.Debug|x86.ActiveCfg = Debug|Win32
		{05C53B46-252A-4465-81D0-E4B17A3431AE}.Debug|x86.Build.0 = Debug|Win32
		{05C53B46-252A-4465-81D0-E4B17A3431AE}.Release|x64.ActiveCfg = Release|x64
		{05C53B46-252A-4465-81D0-E4B17A3431AE}.Release|x64.Build.0 = Release|x64
		{05C53B46-252A-4465-81D0-E4B17A3431AE}.Release|x86.ActiveCfg = Release|Win32
		{05C53B46-252A-4465-81D0-E4B17A3431AE}.Release|x86.Build.0 = Release|Win32
	EndGlobalSection
	GlobalSection(SolutionProperties) = preSolution
		HideSolutionNode = FALSE
	EndGlobalSection
	GlobalSection(ExtensibilityGlobals) = postSolution
		SolutionGuid = {F955B86A-147E-49BA-B484-9E4BD8F14C19}
	EndGlobalSection
EndGlobal
